// !$*UTF8*$!
{
	archiveVersion = 1;
	classes = {
	};
	objectVersion = 46;
	objects = {

/* Begin PBXBuildFile section */
		C24717F11CFECE9700EBD303 /* AppDelegate.swift in Sources */ = {isa = PBXBuildFile; fileRef = C24717F01CFECE9700EBD303 /* AppDelegate.swift */; };
		C24717F61CFECE9700EBD303 /* Main.storyboard in Resources */ = {isa = PBXBuildFile; fileRef = C24717F41CFECE9700EBD303 /* Main.storyboard */; };
		C24717F81CFECE9700EBD303 /* Assets.xcassets in Resources */ = {isa = PBXBuildFile; fileRef = C24717F71CFECE9700EBD303 /* Assets.xcassets */; };
		C24717FB1CFECE9700EBD303 /* LaunchScreen.storyboard in Resources */ = {isa = PBXBuildFile; fileRef = C24717F91CFECE9700EBD303 /* LaunchScreen.storyboard */; };
		C24718031CFECF2600EBD303 /* BookTableViewController.swift in Sources */ = {isa = PBXBuildFile; fileRef = C24718021CFECF2600EBD303 /* BookTableViewController.swift */; };
		C24718051CFED2B000EBD303 /* Book.swift in Sources */ = {isa = PBXBuildFile; fileRef = C24718041CFED2B000EBD303 /* Book.swift */; };
		C247180E1CFFC9D400EBD303 /* BookTableViewCell.swift in Sources */ = {isa = PBXBuildFile; fileRef = C247180D1CFFC9D400EBD303 /* BookTableViewCell.swift */; };
		C24718101CFFD7FF00EBD303 /* DetailViewController.swift in Sources */ = {isa = PBXBuildFile; fileRef = C247180F1CFFD7FF00EBD303 /* DetailViewController.swift */; };
		C24718121CFFF21700EBD303 /* WebViewController.swift in Sources */ = {isa = PBXBuildFile; fileRef = C24718111CFFF21700EBD303 /* WebViewController.swift */; };
/* End PBXBuildFile section */

/* Begin PBXFileReference section */
		C24717ED1CFECE9700EBD303 /* BookStore.app */ = {isa = PBXFileReference; explicitFileType = wrapper.application; includeInIndex = 0; path = BookStore.app; sourceTree = BUILT_PRODUCTS_DIR; };
		C24717F01CFECE9700EBD303 /* AppDelegate.swift */ = {isa = PBXFileReference; lastKnownFileType = sourcecode.swift; path = AppDelegate.swift; sourceTree = "<group>"; };
		C24717F51CFECE9700EBD303 /* Base */ = {isa = PBXFileReference; lastKnownFileType = file.storyboard; name = Base; path = Base.lproj/Main.storyboard; sourceTree = "<group>"; };
		C24717F71CFECE9700EBD303 /* Assets.xcassets */ = {isa = PBXFileReference; lastKnownFileType = folder.assetcatalog; path = Assets.xcassets; sourceTree = "<group>"; };
		C24717FA1CFECE9700EBD303 /* Base */ = {isa = PBXFileReference; lastKnownFileType = file.storyboard; name = Base; path = Base.lproj/LaunchScreen.storyboard; sourceTree = "<group>"; };
		C24717FC1CFECE9700EBD303 /* Info.plist */ = {isa = PBXFileReference; lastKnownFileType = text.plist.xml; path = Info.plist; sourceTree = "<group>"; };
		C24718021CFECF2600EBD303 /* BookTableViewController.swift */ = {isa = PBXFileReference; fileEncoding = 4; lastKnownFileType = sourcecode.swift; path = BookTableViewController.swift; sourceTree = "<group>"; };
		C24718041CFED2B000EBD303 /* Book.swift */ = {isa = PBXFileReference; fileEncoding = 4; lastKnownFileType = sourcecode.swift; path = Book.swift; sourceTree = "<group>"; };
		C247180D1CFFC9D400EBD303 /* BookTableViewCell.swift */ = {isa = PBXFileReference; fileEncoding = 4; lastKnownFileType = sourcecode.swift; path = BookTableViewCell.swift; sourceTree = "<group>"; };
		C247180F1CFFD7FF00EBD303 /* DetailViewController.swift */ = {isa = PBXFileReference; fileEncoding = 4; lastKnownFileType = sourcecode.swift; path = DetailViewController.swift; sourceTree = "<group>"; };
		C24718111CFFF21700EBD303 /* WebViewController.swift */ = {isa = PBXFileReference; fileEncoding = 4; lastKnownFileType = sourcecode.swift; path = WebViewController.swift; sourceTree = "<group>"; };
/* End PBXFileReference section */

/* Begin PBXFrameworksBuildPhase section */
		C24717EA1CFECE9700EBD303 /* Frameworks */ = {
			isa = PBXFrameworksBuildPhase;
			buildActionMask = 2147483647;
			files = (
			);
			runOnlyForDeploymentPostprocessing = 0;
		};
/* End PBXFrameworksBuildPhase section */

/* Begin PBXGroup section */
		C24717E41CFECE9700EBD303 = {
			isa = PBXGroup;
			children = (
				C24717EF1CFECE9700EBD303 /* BookStore */,
				C24717EE1CFECE9700EBD303 /* Products */,
			);
			sourceTree = "<group>";
		};
		C24717EE1CFECE9700EBD303 /* Products */ = {
			isa = PBXGroup;
			children = (
				C24717ED1CFECE9700EBD303 /* BookStore.app */,
			);
			name = Products;
			sourceTree = "<group>";
		};
		C24717EF1CFECE9700EBD303 /* BookStore */ = {
			isa = PBXGroup;
			children = (
				C24717F01CFECE9700EBD303 /* AppDelegate.swift */,
				C24718041CFED2B000EBD303 /* Book.swift */,
				C24718021CFECF2600EBD303 /* BookTableViewController.swift */,
				C247180D1CFFC9D400EBD303 /* BookTableViewCell.swift */,
				C247180F1CFFD7FF00EBD303 /* DetailViewController.swift */,
				C24718111CFFF21700EBD303 /* WebViewController.swift */,
				C24717F41CFECE9700EBD303 /* Main.storyboard */,
				C24717F71CFECE9700EBD303 /* Assets.xcassets */,
				C24717F91CFECE9700EBD303 /* LaunchScreen.storyboard */,
				C24717FC1CFECE9700EBD303 /* Info.plist */,
			);
			path = BookStore;
			sourceTree = "<group>";
		};
/* End PBXGroup section */

/* Begin PBXNativeTarget section */
		C24717EC1CFECE9700EBD303 /* BookStore */ = {
			isa = PBXNativeTarget;
			buildConfigurationList = C24717FF1CFECE9700EBD303 /* Build configuration list for PBXNativeTarget "BookStore" */;
			buildPhases = (
				C24717E91CFECE9700EBD303 /* Sources */,
				C24717EA1CFECE9700EBD303 /* Frameworks */,
				C24717EB1CFECE9700EBD303 /* Resources */,
			);
			buildRules = (
			);
			dependencies = (
			);
			name = BookStore;
			productName = BookStore;
			productReference = C24717ED1CFECE9700EBD303 /* BookStore.app */;
			productType = "com.apple.product-type.application";
		};
/* End PBXNativeTarget section */

/* Begin PBXProject section */
		C24717E51CFECE9700EBD303 /* Project object */ = {
			isa = PBXProject;
			attributes = {
				LastSwiftUpdateCheck = 0730;
				LastUpgradeCheck = 0730;
				ORGANIZATIONNAME = JRChae;
				TargetAttributes = {
					C24717EC1CFECE9700EBD303 = {
						CreatedOnToolsVersion = 7.3;
					};
				};
			};
			buildConfigurationList = C24717E81CFECE9700EBD303 /* Build configuration list for PBXProject "BookStore" */;
			compatibilityVersion = "Xcode 3.2";
			developmentRegion = English;
			hasScannedForEncodings = 0;
			knownRegions = (
				en,
				Base,
			);
			mainGroup = C24717E41CFECE9700EBD303;
			productRefGroup = C24717EE1CFECE9700EBD303 /* Products */;
			projectDirPath = "";
			projectRoot = "";
			targets = (
				C24717EC1CFECE9700EBD303 /* BookStore */,
			);
		};
/* End PBXProject section */

/* Begin PBXResourcesBuildPhase section */
		C24717EB1CFECE9700EBD303 /* Resources */ = {
			isa = PBXResourcesBuildPhase;
			buildActionMask = 2147483647;
			files = (
				C24717FB1CFECE9700EBD303 /* LaunchScreen.storyboard in Resources */,
				C24717F81CFECE9700EBD303 /* Assets.xcassets in Resources */,
				C24717F61CFECE9700EBD303 /* Main.storyboard in Resources */,
			);
			runOnlyForDeploymentPostprocessing = 0;
		};
/* End PBXResourcesBuildPhase section */

/* Begin PBXSourcesBuildPhase section */
		C24717E91CFECE9700EBD303 /* Sources */ = {
			isa = PBXSourcesBuildPhase;
			buildActionMask = 2147483647;
			files = (
				C247180E1CFFC9D400EBD303 /* BookTableViewCell.swift in Sources */,
				C24718121CFFF21700EBD303 /* WebViewController.swift in Sources */,
				C24718031CFECF2600EBD303 /* BookTableViewController.swift in Sources */,
				C24718101CFFD7FF00EBD303 /* DetailViewController.swift in Sources */,
				C24717F11CFECE9700EBD303 /* AppDelegate.swift in Sources */,
				C24718051CFED2B000EBD303 /* Book.swift in Sources */,
			);
			runOnlyForDeploymentPostprocessing = 0;
		};
/* End PBXSourcesBuildPhase section */

/* Begin PBXVariantGroup section */
		C24717F41CFECE9700EBD303 /* Main.storyboard */ = {
			isa = PBXVariantGroup;
			children = (
				C24717F51CFECE9700EBD303 /* Base */,
			);
			name = Main.storyboard;
			sourceTree = "<group>";
		};
		C24717F91CFECE9700EBD303 /* LaunchScreen.storyboard */ = {
			isa = PBXVariantGroup;
			children = (
				C24717FA1CFECE9700EBD303 /* Base */,
			);
			name = LaunchScreen.storyboard;
			sourceTree = "<group>";
		};
/* End PBXVariantGroup section */

/* Begin XCBuildConfiguration section */
		C24717FD1CFECE9700EBD303 /* Debug */ = {
			isa = XCBuildConfiguration;
			buildSettings = {
				ALWAYS_SEARCH_USER_PATHS = NO;
				CLANG_ANALYZER_NONNULL = YES;
				CLANG_CXX_LANGUAGE_STANDARD = "gnu++0x";
				CLANG_CXX_LIBRARY = "libc++";
				CLANG_ENABLE_MODULES = YES;
				CLANG_ENABLE_OBJC_ARC = YES;
				CLANG_WARN_BOOL_CONVERSION = YES;
				CLANG_WARN_CONSTANT_CONVERSION = YES;
				CLANG_WARN_DIRECT_OBJC_ISA_USAGE = YES_ERROR;
				CLANG_WARN_EMPTY_BODY = YES;
				CLANG_WARN_ENUM_CONVERSION = YES;
				CLANG_WARN_INT_CONVERSION = YES;
				CLANG_WARN_OBJC_ROOT_CLASS = YES_ERROR;
				CLANG_WARN_UNREACHABLE_CODE = YES;
				CLANG_WARN__DUPLICATE_METHOD_MATCH = YES;
				"CODE_SIGN_IDENTITY[sdk=iphoneos*]" = "iPhone Developer";
				COPY_PHASE_STRIP = NO;
				DEBUG_INFORMATION_FORMAT = dwarf;
				ENABLE_STRICT_OBJC_MSGSEND = YES;
				ENABLE_TESTABILITY = YES;
				GCC_C_LANGUAGE_STANDARD = gnu99;
				GCC_DYNAMIC_NO_PIC = NO;
				GCC_NO_COMMON_BLOCKS = YES;
				GCC_OPTIMIZATION_LEVEL = 0;
				GCC_PREPROCESSOR_DEFINITIONS = (
					"DEBUG=1",
					"$(inherited)",
				);
				GCC_WARN_64_TO_32_BIT_CONVERSION = YES;
				GCC_WARN_ABOUT_RETURN_TYPE = YES_ERROR;
				GCC_WARN_UNDECLARED_SELECTOR = YES;
				GCC_WARN_UNINITIALIZED_AUTOS = YES_AGGRESSIVE;
				GCC_WARN_UNUSED_FUNCTION = YES;
				GCC_WARN_UNUSED_VARIABLE = YES;
				IPHONEOS_DEPLOYMENT_TARGET = 9.3;
				MTL_ENABLE_DEBUG_INFO = YES;
				ONLY_ACTIVE_ARCH = YES;
				SDKROOT = iphoneos;
				SWIFT_OPTIMIZATION_LEVEL = "-Onone";
			};
			name = Debug;
		};
		C24717FE1CFECE9700EBD303 /* Release */ = {
			isa = XCBuildConfiguration;
			buildSettings = {
				ALWAYS_SEARCH_USER_PATHS = NO;
				CLANG_ANALYZER_NONNULL = YES;
				CLANG_CXX_LANGUAGE_STANDARD = "gnu++0x";
				CLANG_CXX_LIBRARY = "libc++";
				CLANG_ENABLE_MODULES = YES;
				CLANG_ENABLE_OBJC_ARC = YES;
				CLANG_WARN_BOOL_CONVERSION = YES;
				CLANG_WARN_CONSTANT_CONVERSION = YES;
				CLANG_WARN_DIRECT_OBJC_ISA_USAGE = YES_ERROR;
				CLANG_WARN_EMPTY_BODY = YES;
				CLANG_WARN_ENUM_CONVERSION = YES;
				CLANG_WARN_INT_CONVERSION = YES;
				CLANG_WARN_OBJC_ROOT_CLASS = YES_ERROR;
				CLANG_WARN_UNREACHABLE_CODE = YES;
				CLANG_WARN__DUPLICATE_METHOD_MATCH = YES;
				"CODE_SIGN_IDENTITY[sdk=iphoneos*]" = "iPhone Developer";
				COPY_PHASE_STRIP = NO;
				DEBUG_INFORMATION_FORMAT = "dwarf-with-dsym";
				ENABLE_NS_ASSERTIONS = NO;
				ENABLE_STRICT_OBJC_MSGSEND = YES;
				GCC_C_LANGUAGE_STANDARD = gnu99;
				GCC_NO_COMMON_BLOCKS = YES;
				GCC_WARN_64_TO_32_BIT_CONVERSION = YES;
				GCC_WARN_ABOUT_RETURN_TYPE = YES_ERROR;
				GCC_WARN_UNDECLARED_SELECTOR = YES;
				GCC_WARN_UNINITIALIZED_AUTOS = YES_AGGRESSIVE;
				GCC_WARN_UNUSED_FUNCTION = YES;
				GCC_WARN_UNUSED_VARIABLE = YES;
				IPHONEOS_DEPLOYMENT_TARGET = 9.3;
				MTL_ENABLE_DEBUG_INFO = NO;
				SDKROOT = iphoneos;
				VALIDATE_PRODUCT = YES;
			};
			name = Release;
		};
		C24718001CFECE9700EBD303 /* Debug */ = {
			isa = XCBuildConfiguration;
			buildSettings = {
				ASSETCATALOG_COMPILER_APPICON_NAME = AppIcon;
				INFOPLIST_FILE = BookStore/Info.plist;
				LD_RUNPATH_SEARCH_PATHS = "$(inherited) @executable_path/Frameworks";
				PRODUCT_BUNDLE_IDENTIFIER = com.JRChae.BookStore;
				PRODUCT_NAME = "$(TARGET_NAME)";
			};
			name = Debug;
		};
		C24718011CFECE9700EBD303 /* Release */ = {
			isa = XCBuildConfiguration;
			buildSettings = {
				ASSETCATALOG_COMPILER_APPICON_NAME = AppIcon;
				INFOPLIST_FILE = BookStore/Info.plist;
				LD_RUNPATH_SEARCH_PATHS = "$(inherited) @executable_path/Frameworks";
				PRODUCT_BUNDLE_IDENTIFIER = com.JRChae.BookStore;
				PRODUCT_NAME = "$(TARGET_NAME)";
			};
			name = Release;
		};
/* End XCBuildConfiguration section */

/* Begin XCConfigurationList section */
		C24717E81CFECE9700EBD303 /* Build configuration list for PBXProject "BookStore" */ = {
			isa = XCConfigurationList;
			buildConfigurations = (
				C24717FD1CFECE9700EBD303 /* Debug */,
				C24717FE1CFECE9700EBD303 /* Release */,
			);
			defaultConfigurationIsVisible = 0;
			defaultConfigurationName = Release;
		};
		C24717FF1CFECE9700EBD303 /* Build configuration list for PBXNativeTarget "BookStore" */ = {
			isa = XCConfigurationList;
			buildConfigurations = (
				C24718001CFECE9700EBD303 /* Debug */,
				C24718011CFECE9700EBD303 /* Release */,
			);
			defaultConfigurationIsVisible = 0;
			defaultConfigurationName = Release;
		};
/* End XCConfigurationList section */
	};
	rootObject = C24717E51CFECE9700EBD303 /* Project object */;
}
